# This file is autogenerated, do not edit; changes may be undone by the next 'dep ensure'.


[[projects]]
  branch = "master"
  name = "github.com/hanwen/go-fuse"
  packages = [
    "fuse",
    "fuse/nodefs",
    "fuse/pathfs",
    "internal/utimens",
    "splice"
  ]
  revision = "02b38384c28d568e5f9da00924007fd101d56099"

[[projects]]
  branch = "master"
  name = "golang.org/x/sys"
  packages = ["unix"]
  revision = "d0faeb539838e250bd0a9db4182d48d4a1915181"

[solve-meta]
  analyzer-name = "dep"
  analyzer-version = 1
  inputs-digest = "fb5e22264f9c6b5f8588df064656f7224b8092eb67196ab8b8908163fb12482c"
  solver-name = "gps-cdcl"
  solver-version = 1
